
Microsoft Visual Studio Solution File, Format Version 12.00
# Visual Studio Version 16
VisualStudioVersion = 16.0.32228.343
MinimumVisualStudioVersion = 10.0.40219.1
Project("{9A19103F-16F7-4668-BE54-9A1E7A4F7556}") = "Entidades", "Entidades\Entidades.csproj", "{894F0C98-0785-4BE2-9915-1ACB13F94672}"
EndProject
Project("{9A19103F-16F7-4668-BE54-9A1E7A4F7556}") = "Vista", "Vista\Vista.csproj", "{7E9FD8C9-05EB-42EB-B476-E58A55E4F95C}"
EndProject
Project("{9A19103F-16F7-4668-BE54-9A1E7A4F7556}") = "IO", "IO\IO.csproj", "{5A9257AF-6BBD-4071-85F1-3D0154F43616}"
EndProject
Project("{9A19103F-16F7-4668-BE54-9A1E7A4F7556}") = "Pruebas", "Pruebas\Pruebas.csproj", "{A7457EC0-E55B-4A47-8791-B46A48F5A935}"
EndProject
Project("{FAE04EC0-301F-11D3-BF4B-00C04F79EFBC}") = "DAO", "DAO\DAO.csproj", "{29F193A1-0EF8-4C37-9F99-117AD0B0ACC5}"
EndProject
Global
	GlobalSection(SolutionConfigurationPlatforms) = preSolution
		Debug|Any CPU = Debug|Any CPU
		Release|Any CPU = Release|Any CPU
	EndGlobalSection
	GlobalSection(ProjectConfigurationPlatforms) = postSolution
		{894F0C98-0785-4BE2-9915-1ACB13F94672}.Debug|Any CPU.ActiveCfg = Debug|Any CPU
		{894F0C98-0785-4BE2-9915-1ACB13F94672}.Debug|Any CPU.Build.0 = Debug|Any CPU
		{894F0C98-0785-4BE2-9915-1ACB13F94672}.Release|Any CPU.ActiveCfg = Release|Any CPU
		{894F0C98-0785-4BE2-9915-1ACB13F94672}.Release|Any CPU.Build.0 = Release|Any CPU
		{7E9FD8C9-05EB-42EB-B476-E58A55E4F95C}.Debug|Any CPU.ActiveCfg = Debug|Any CPU
		{7E9FD8C9-05EB-42EB-B476-E58A55E4F95C}.Debug|Any CPU.Build.0 = Debug|Any CPU
		{7E9FD8C9-05EB-42EB-B476-E58A55E4F95C}.Release|Any CPU.ActiveCfg = Release|Any CPU
		{7E9FD8C9-05EB-42EB-B476-E58A55E4F95C}.Release|Any CPU.Build.0 = Release|Any CPU
		{5A9257AF-6BBD-4071-85F1-3D0154F43616}.Debug|Any CPU.ActiveCfg = Debug|Any CPU
		{5A9257AF-6BBD-4071-85F1-3D0154F43616}.Debug|Any CPU.Build.0 = Debug|Any CPU
		{5A9257AF-6BBD-4071-85F1-3D0154F43616}.Release|Any CPU.ActiveCfg = Release|Any CPU
		{5A9257AF-6BBD-4071-85F1-3D0154F43616}.Release|Any CPU.Build.0 = Release|Any CPU
		{A7457EC0-E55B-4A47-8791-B46A48F5A935}.Debug|Any CPU.ActiveCfg = Debug|Any CPU
		{A7457EC0-E55B-4A47-8791-B46A48F5A935}.Debug|Any CPU.Build.0 = Debug|Any CPU
		{A7457EC0-E55B-4A47-8791-B46A48F5A935}.Release|Any CPU.ActiveCfg = Release|Any CPU
		{A7457EC0-E55B-4A47-8791-B46A48F5A935}.Release|Any CPU.Build.0 = Release|Any CPU
		{29F193A1-0EF8-4C37-9F99-117AD0B0ACC5}.Debug|Any CPU.ActiveCfg = Debug|Any CPU
		{29F193A1-0EF8-4C37-9F99-117AD0B0ACC5}.Debug|Any CPU.Build.0 = Debug|Any CPU
		{29F193A1-0EF8-4C37-9F99-117AD0B0ACC5}.Release|Any CPU.ActiveCfg = Release|Any CPU
		{29F193A1-0EF8-4C37-9F99-117AD0B0ACC5}.Release|Any CPU.Build.0 = Release|Any CPU
	EndGlobalSection
	GlobalSection(SolutionProperties) = preSolution
		HideSolutionNode = FALSE
	EndGlobalSection
	GlobalSection(ExtensibilityGlobals) = postSolution
		SolutionGuid = {731D3A42-4181-4930-93F3-441FE8C32E73}
	EndGlobalSection
EndGlobal
